
Microsoft Visual Studio Solution File, Format Version 12.00
# Visual Studio Version 16
VisualStudioVersion = 16.0.31702.278
MinimumVisualStudioVersion = 10.0.40219.1
Project("{FAE04EC0-301F-11D3-BF4B-00C04F79EFBC}") = "yemek_tarifi", "yemek_tarifi.csproj", "{EBB58127-3DC6-4E1E-9040-20E5C4D58082}"
EndProject
Global
	GlobalSection(SolutionConfigurationPlatforms) = preSolution
		Debug|Any CPU = Debug|Any CPU
		Release|Any CPU = Release|Any CPU
	EndGlobalSection
	GlobalSection(ProjectConfigurationPlatforms) = postSolution
		{EBB58127-3DC6-4E1E-9040-20E5C4D58082}.Debug|Any CPU.ActiveCfg = Debug|Any CPU
		{EBB58127-3DC6-4E1E-9040-20E5C4D58082}.Debug|Any CPU.Build.0 = Debug|Any CPU
		{EBB58127-3DC6-4E1E-9040-20E5C4D58082}.Release|Any CPU.ActiveCfg = Release|Any CPU
		{EBB58127-3DC6-4E1E-9040-20E5C4D58082}.Release|Any CPU.Build.0 = Release|Any CPU
	EndGlobalSection
	GlobalSection(SolutionProperties) = preSolution
		HideSolutionNode = FALSE
	EndGlobalSection
	GlobalSection(ExtensibilityGlobals) = postSolution
		SolutionGuid = {5D2A640F-4ACD-447C-A19F-3DBBD5A9D4E8}
	EndGlobalSection
EndGlobal
